// !$*UTF8*$!
{
	archiveVersion = 1;
	classes = {
	};
	objectVersion = 56;
	objects = {

/* Begin PBXBuildFile section */
		8F02BBCD29F90F8500AF37A4 /* ProductDetailTableViewCell.swift in Sources */ = {isa = PBXBuildFile; fileRef = 8F02BBCC29F90F8500AF37A4 /* ProductDetailTableViewCell.swift */; };
		8F52B81829F91078006C431C /* ProductDetailCell.xib in Resources */ = {isa = PBXBuildFile; fileRef = 8F52B81729F91078006C431C /* ProductDetailCell.xib */; };
		8FE7888D29F946AC0009D2D1 /* SmallTagLabel.swift in Sources */ = {isa = PBXBuildFile; fileRef = 8FE7888C29F946AC0009D2D1 /* SmallTagLabel.swift */; };
		8FE7888F29F947150009D2D1 /* LargeTagCollectionViewCell.swift in Sources */ = {isa = PBXBuildFile; fileRef = 8FE7888E29F947150009D2D1 /* LargeTagCollectionViewCell.swift */; };
		8FE7889129F947380009D2D1 /* LargeTagCell.xib in Resources */ = {isa = PBXBuildFile; fileRef = 8FE7889029F947380009D2D1 /* LargeTagCell.xib */; };
		E2C14DA5790D46E398EBA200 /* Pods_Onban03.framework in Frameworks */ = {isa = PBXBuildFile; fileRef = 878BFEE09DA02E2D2166A8CC /* Pods_Onban03.framework */; };
		F426445B29F221D2001951B5 /* CategoryProducts.swift in Sources */ = {isa = PBXBuildFile; fileRef = F426445A29F221D2001951B5 /* CategoryProducts.swift */; };
		F426445D29F221EC001951B5 /* DataMock.swift in Sources */ = {isa = PBXBuildFile; fileRef = F426445C29F221EC001951B5 /* DataMock.swift */; };
		F426445F29F22483001951B5 /* Tag.swift in Sources */ = {isa = PBXBuildFile; fileRef = F426445E29F22483001951B5 /* Tag.swift */; };
		F426446129F2256D001951B5 /* Int+WonFormat.swift in Sources */ = {isa = PBXBuildFile; fileRef = F426446029F2256D001951B5 /* Int+WonFormat.swift */; };
		F435AFA729F1051F00311918 /* Product.swift in Sources */ = {isa = PBXBuildFile; fileRef = F435AFA629F1051F00311918 /* Product.swift */; };
		F44702C229ED17A200BD8A3A /* AppDelegate.swift in Sources */ = {isa = PBXBuildFile; fileRef = F44702C129ED17A200BD8A3A /* AppDelegate.swift */; };
		F44702C429ED17A200BD8A3A /* SceneDelegate.swift in Sources */ = {isa = PBXBuildFile; fileRef = F44702C329ED17A200BD8A3A /* SceneDelegate.swift */; };
		F44702C929ED17A200BD8A3A /* Main.storyboard in Resources */ = {isa = PBXBuildFile; fileRef = F44702C729ED17A200BD8A3A /* Main.storyboard */; };
		F44702CB29ED17A300BD8A3A /* Assets.xcassets in Resources */ = {isa = PBXBuildFile; fileRef = F44702CA29ED17A300BD8A3A /* Assets.xcassets */; };
		F44702CE29ED17A300BD8A3A /* LaunchScreen.storyboard in Resources */ = {isa = PBXBuildFile; fileRef = F44702CC29ED17A300BD8A3A /* LaunchScreen.storyboard */; };
		F44702D629ED1E6400BD8A3A /* ProductCell.xib in Resources */ = {isa = PBXBuildFile; fileRef = F44702D529ED1E6400BD8A3A /* ProductCell.xib */; };
		F44702DE29ED372E00BD8A3A /* ProductCollectionViewCell.swift in Sources */ = {isa = PBXBuildFile; fileRef = F44702DD29ED372E00BD8A3A /* ProductCollectionViewCell.swift */; };
		F44702E029ED375100BD8A3A /* HomeViewController.swift in Sources */ = {isa = PBXBuildFile; fileRef = F44702DF29ED375100BD8A3A /* HomeViewController.swift */; };
		F4BFACA529F8C69E00445506 /* CustomNavigationController.swift in Sources */ = {isa = PBXBuildFile; fileRef = F4BFACA429F8C69E00445506 /* CustomNavigationController.swift */; };
		F4EAB61E29F8EF6900FC2A3B /* ProductDetail.storyboard in Resources */ = {isa = PBXBuildFile; fileRef = F4EAB61D29F8EF6900FC2A3B /* ProductDetail.storyboard */; };
		F4EAB62029F8F4D200FC2A3B /* ProductDetailViewController.swift in Sources */ = {isa = PBXBuildFile; fileRef = F4EAB61F29F8F4D200FC2A3B /* ProductDetailViewController.swift */; };
		F4FF76D829EFBDE10037A4E7 /* ProductCollectionViewHeader.xib in Resources */ = {isa = PBXBuildFile; fileRef = F4FF76D729EFBDE10037A4E7 /* ProductCollectionViewHeader.xib */; };
		F4FF76DA29EFC4A00037A4E7 /* ProductCollectionHeader.swift in Sources */ = {isa = PBXBuildFile; fileRef = F4FF76D929EFC4A00037A4E7 /* ProductCollectionHeader.swift */; };
		F4FF76E029EFDE390037A4E7 /* ProductCategory.swift in Sources */ = {isa = PBXBuildFile; fileRef = F4FF76DF29EFDE390037A4E7 /* ProductCategory.swift */; };
/* End PBXBuildFile section */

/* Begin PBXFileReference section */
		51E69C80809F89AF4A20C989 /* Pods-Onban03.debug.xcconfig */ = {isa = PBXFileReference; includeInIndex = 1; lastKnownFileType = text.xcconfig; name = "Pods-Onban03.debug.xcconfig"; path = "Target Support Files/Pods-Onban03/Pods-Onban03.debug.xcconfig"; sourceTree = "<group>"; };
		878BFEE09DA02E2D2166A8CC /* Pods_Onban03.framework */ = {isa = PBXFileReference; explicitFileType = wrapper.framework; includeInIndex = 0; path = Pods_Onban03.framework; sourceTree = BUILT_PRODUCTS_DIR; };
		8F02BBCC29F90F8500AF37A4 /* ProductDetailTableViewCell.swift */ = {isa = PBXFileReference; lastKnownFileType = sourcecode.swift; path = ProductDetailTableViewCell.swift; sourceTree = "<group>"; };
		8F52B81729F91078006C431C /* ProductDetailCell.xib */ = {isa = PBXFileReference; lastKnownFileType = file.xib; path = ProductDetailCell.xib; sourceTree = "<group>"; };
		8FC3363829F61C00004A686A /* .swiftlint.yml */ = {isa = PBXFileReference; lastKnownFileType = text.yaml; path = .swiftlint.yml; sourceTree = "<group>"; };
		8FE7888C29F946AC0009D2D1 /* SmallTagLabel.swift */ = {isa = PBXFileReference; fileEncoding = 4; lastKnownFileType = sourcecode.swift; path = SmallTagLabel.swift; sourceTree = "<group>"; };
		8FE7888E29F947150009D2D1 /* LargeTagCollectionViewCell.swift */ = {isa = PBXFileReference; lastKnownFileType = sourcecode.swift; path = LargeTagCollectionViewCell.swift; sourceTree = "<group>"; };
		8FE7889029F947380009D2D1 /* LargeTagCell.xib */ = {isa = PBXFileReference; lastKnownFileType = file.xib; path = LargeTagCell.xib; sourceTree = "<group>"; };
		DC823119BB66A02ED926239F /* Pods-Onban03.release.xcconfig */ = {isa = PBXFileReference; includeInIndex = 1; lastKnownFileType = text.xcconfig; name = "Pods-Onban03.release.xcconfig"; path = "Target Support Files/Pods-Onban03/Pods-Onban03.release.xcconfig"; sourceTree = "<group>"; };
		F426445A29F221D2001951B5 /* CategoryProducts.swift */ = {isa = PBXFileReference; lastKnownFileType = sourcecode.swift; path = CategoryProducts.swift; sourceTree = "<group>"; };
		F426445C29F221EC001951B5 /* DataMock.swift */ = {isa = PBXFileReference; lastKnownFileType = sourcecode.swift; path = DataMock.swift; sourceTree = "<group>"; };
		F426445E29F22483001951B5 /* Tag.swift */ = {isa = PBXFileReference; lastKnownFileType = sourcecode.swift; path = Tag.swift; sourceTree = "<group>"; };
		F426446029F2256D001951B5 /* Int+WonFormat.swift */ = {isa = PBXFileReference; lastKnownFileType = sourcecode.swift; path = "Int+WonFormat.swift"; sourceTree = "<group>"; };
		F435AFA629F1051F00311918 /* Product.swift */ = {isa = PBXFileReference; lastKnownFileType = sourcecode.swift; path = Product.swift; sourceTree = "<group>"; };
		F44702BE29ED17A200BD8A3A /* Onban03.app */ = {isa = PBXFileReference; explicitFileType = wrapper.application; includeInIndex = 0; path = Onban03.app; sourceTree = BUILT_PRODUCTS_DIR; };
		F44702C129ED17A200BD8A3A /* AppDelegate.swift */ = {isa = PBXFileReference; lastKnownFileType = sourcecode.swift; path = AppDelegate.swift; sourceTree = "<group>"; };
		F44702C329ED17A200BD8A3A /* SceneDelegate.swift */ = {isa = PBXFileReference; lastKnownFileType = sourcecode.swift; path = SceneDelegate.swift; sourceTree = "<group>"; };
		F44702C829ED17A200BD8A3A /* Base */ = {isa = PBXFileReference; lastKnownFileType = file.storyboard; name = Base; path = Base.lproj/Main.storyboard; sourceTree = "<group>"; };
		F44702CA29ED17A300BD8A3A /* Assets.xcassets */ = {isa = PBXFileReference; lastKnownFileType = folder.assetcatalog; path = Assets.xcassets; sourceTree = "<group>"; };
		F44702CD29ED17A300BD8A3A /* Base */ = {isa = PBXFileReference; lastKnownFileType = file.storyboard; name = Base; path = Base.lproj/LaunchScreen.storyboard; sourceTree = "<group>"; };
		F44702CF29ED17A300BD8A3A /* Info.plist */ = {isa = PBXFileReference; lastKnownFileType = text.plist.xml; path = Info.plist; sourceTree = "<group>"; };
		F44702D529ED1E6400BD8A3A /* ProductCell.xib */ = {isa = PBXFileReference; lastKnownFileType = file.xib; path = ProductCell.xib; sourceTree = "<group>"; };
		F44702DD29ED372E00BD8A3A /* ProductCollectionViewCell.swift */ = {isa = PBXFileReference; lastKnownFileType = sourcecode.swift; path = ProductCollectionViewCell.swift; sourceTree = "<group>"; };
		F44702DF29ED375100BD8A3A /* HomeViewController.swift */ = {isa = PBXFileReference; lastKnownFileType = sourcecode.swift; path = HomeViewController.swift; sourceTree = "<group>"; };
		F4BFACA429F8C69E00445506 /* CustomNavigationController.swift */ = {isa = PBXFileReference; lastKnownFileType = sourcecode.swift; path = CustomNavigationController.swift; sourceTree = "<group>"; };
		F4EAB61D29F8EF6900FC2A3B /* ProductDetail.storyboard */ = {isa = PBXFileReference; lastKnownFileType = file.storyboard; path = ProductDetail.storyboard; sourceTree = "<group>"; };
		F4EAB61F29F8F4D200FC2A3B /* ProductDetailViewController.swift */ = {isa = PBXFileReference; lastKnownFileType = sourcecode.swift; path = ProductDetailViewController.swift; sourceTree = "<group>"; };
		F4FF76D729EFBDE10037A4E7 /* ProductCollectionViewHeader.xib */ = {isa = PBXFileReference; lastKnownFileType = file.xib; path = ProductCollectionViewHeader.xib; sourceTree = "<group>"; };
		F4FF76D929EFC4A00037A4E7 /* ProductCollectionHeader.swift */ = {isa = PBXFileReference; lastKnownFileType = sourcecode.swift; path = ProductCollectionHeader.swift; sourceTree = "<group>"; };
		F4FF76DF29EFDE390037A4E7 /* ProductCategory.swift */ = {isa = PBXFileReference; lastKnownFileType = sourcecode.swift; path = ProductCategory.swift; sourceTree = "<group>"; };
/* End PBXFileReference section */

/* Begin PBXFrameworksBuildPhase section */
		F44702BB29ED17A200BD8A3A /* Frameworks */ = {
			isa = PBXFrameworksBuildPhase;
			buildActionMask = 2147483647;
			files = (
				E2C14DA5790D46E398EBA200 /* Pods_Onban03.framework in Frameworks */,
			);
			runOnlyForDeploymentPostprocessing = 0;
		};
/* End PBXFrameworksBuildPhase section */

/* Begin PBXGroup section */
		0E227AC5B9CE6E7AF57BA6E0 /* Frameworks */ = {
			isa = PBXGroup;
			children = (
				878BFEE09DA02E2D2166A8CC /* Pods_Onban03.framework */,
			);
			name = Frameworks;
			sourceTree = "<group>";
		};
		15444388C552C64AFD378153 /* Pods */ = {
			isa = PBXGroup;
			children = (
				51E69C80809F89AF4A20C989 /* Pods-Onban03.debug.xcconfig */,
				DC823119BB66A02ED926239F /* Pods-Onban03.release.xcconfig */,
			);
			path = Pods;
			sourceTree = "<group>";
		};
		F426446229F22573001951B5 /* Extension */ = {
			isa = PBXGroup;
			children = (
				F426446029F2256D001951B5 /* Int+WonFormat.swift */,
				F4BFACA429F8C69E00445506 /* CustomNavigationController.swift */,
			);
			path = Extension;
			sourceTree = "<group>";
		};
		F435AFA529F1050400311918 /* Model */ = {
			isa = PBXGroup;
			children = (
				F4FF76DF29EFDE390037A4E7 /* ProductCategory.swift */,
				F435AFA629F1051F00311918 /* Product.swift */,
				F426445E29F22483001951B5 /* Tag.swift */,
				F426445A29F221D2001951B5 /* CategoryProducts.swift */,
				F426445C29F221EC001951B5 /* DataMock.swift */,
			);
			path = Model;
			sourceTree = "<group>";
		};
		F44702B529ED17A200BD8A3A = {
			isa = PBXGroup;
			children = (
				8FC3363829F61C00004A686A /* .swiftlint.yml */,
				F44702C029ED17A200BD8A3A /* Onban03 */,
				F44702BF29ED17A200BD8A3A /* Products */,
				15444388C552C64AFD378153 /* Pods */,
				0E227AC5B9CE6E7AF57BA6E0 /* Frameworks */,
			);
			sourceTree = "<group>";
		};
		F44702BF29ED17A200BD8A3A /* Products */ = {
			isa = PBXGroup;
			children = (
				F44702BE29ED17A200BD8A3A /* Onban03.app */,
			);
			name = Products;
			sourceTree = "<group>";
		};
		F44702C029ED17A200BD8A3A /* Onban03 */ = {
			isa = PBXGroup;
			children = (
				F4FF76DB29EFDCB30037A4E7 /* Suppoting Files */,
				F44702C729ED17A200BD8A3A /* Main.storyboard */,
				F4EAB62129F8F4F300FC2A3B /* ProductDetail */,
				F4FF76DC29EFDD570037A4E7 /* Home */,
				F44702CA29ED17A300BD8A3A /* Assets.xcassets */,
				F44702CC29ED17A300BD8A3A /* LaunchScreen.storyboard */,
			);
			path = Onban03;
			sourceTree = "<group>";
		};
		F4EAB62129F8F4F300FC2A3B /* ProductDetail */ = {
			isa = PBXGroup;
			children = (
				F4EAB61D29F8EF6900FC2A3B /* ProductDetail.storyboard */,
				F4EAB61F29F8F4D200FC2A3B /* ProductDetailViewController.swift */,
				8F02BBCC29F90F8500AF37A4 /* ProductDetailTableViewCell.swift */,
				8F52B81729F91078006C431C /* ProductDetailCell.xib */,
				8FE7888E29F947150009D2D1 /* LargeTagCollectionViewCell.swift */,
				8FE7889029F947380009D2D1 /* LargeTagCell.xib */,
			);
			path = ProductDetail;
			sourceTree = "<group>";
		};
		F4FF76DB29EFDCB30037A4E7 /* Suppoting Files */ = {
			isa = PBXGroup;
			children = (
				F44702C129ED17A200BD8A3A /* AppDelegate.swift */,
				F44702C329ED17A200BD8A3A /* SceneDelegate.swift */,
				F44702CF29ED17A300BD8A3A /* Info.plist */,
			);
			path = "Suppoting Files";
			sourceTree = "<group>";
		};
		F4FF76DC29EFDD570037A4E7 /* Home */ = {
			isa = PBXGroup;
			children = (
				F4FF76DD29EFDD740037A4E7 /* ProductCell */,
				F4FF76DE29EFDD830037A4E7 /* Header */,
				F44702DF29ED375100BD8A3A /* HomeViewController.swift */,
				F435AFA529F1050400311918 /* Model */,
				F426446229F22573001951B5 /* Extension */,
			);
			path = Home;
			sourceTree = "<group>";
		};
		F4FF76DD29EFDD740037A4E7 /* ProductCell */ = {
			isa = PBXGroup;
			children = (
				F44702D529ED1E6400BD8A3A /* ProductCell.xib */,
				F44702DD29ED372E00BD8A3A /* ProductCollectionViewCell.swift */,
				8FE7888C29F946AC0009D2D1 /* SmallTagLabel.swift */,
			);
			path = ProductCell;
			sourceTree = "<group>";
		};
		F4FF76DE29EFDD830037A4E7 /* Header */ = {
			isa = PBXGroup;
			children = (
				F4FF76D729EFBDE10037A4E7 /* ProductCollectionViewHeader.xib */,
				F4FF76D929EFC4A00037A4E7 /* ProductCollectionHeader.swift */,
			);
			path = Header;
			sourceTree = "<group>";
		};
/* End PBXGroup section */

/* Begin PBXNativeTarget section */
		F44702BD29ED17A200BD8A3A /* Onban03 */ = {
			isa = PBXNativeTarget;
			buildConfigurationList = F44702D229ED17A300BD8A3A /* Build configuration list for PBXNativeTarget "Onban03" */;
			buildPhases = (
				B6F1EFB592C1504A22CE4A00 /* [CP] Check Pods Manifest.lock */,
				8F49F86D29F6186C00D054E8 /* ShellScript */,
				F44702BA29ED17A200BD8A3A /* Sources */,
				F44702BB29ED17A200BD8A3A /* Frameworks */,
				F44702BC29ED17A200BD8A3A /* Resources */,
				98911B599A8AFE3406258C35 /* [CP] Embed Pods Frameworks */,
			);
			buildRules = (
			);
			dependencies = (
			);
			name = Onban03;
			productName = Onban03;
			productReference = F44702BE29ED17A200BD8A3A /* Onban03.app */;
			productType = "com.apple.product-type.application";
		};
/* End PBXNativeTarget section */

/* Begin PBXProject section */
		F44702B629ED17A200BD8A3A /* Project object */ = {
			isa = PBXProject;
			attributes = {
				BuildIndependentTargetsInParallel = 1;
				LastSwiftUpdateCheck = 1430;
				LastUpgradeCheck = 1430;
				TargetAttributes = {
					F44702BD29ED17A200BD8A3A = {
						CreatedOnToolsVersion = 14.3;
					};
				};
			};
			buildConfigurationList = F44702B929ED17A200BD8A3A /* Build configuration list for PBXProject "Onban03" */;
			compatibilityVersion = "Xcode 14.0";
			developmentRegion = en;
			hasScannedForEncodings = 0;
			knownRegions = (
				en,
				Base,
			);
			mainGroup = F44702B529ED17A200BD8A3A;
			productRefGroup = F44702BF29ED17A200BD8A3A /* Products */;
			projectDirPath = "";
			projectRoot = "";
			targets = (
				F44702BD29ED17A200BD8A3A /* Onban03 */,
			);
		};
/* End PBXProject section */

/* Begin PBXResourcesBuildPhase section */
		F44702BC29ED17A200BD8A3A /* Resources */ = {
			isa = PBXResourcesBuildPhase;
			buildActionMask = 2147483647;
			files = (
				8FE7889129F947380009D2D1 /* LargeTagCell.xib in Resources */,
				F44702D629ED1E6400BD8A3A /* ProductCell.xib in Resources */,
				F4FF76D829EFBDE10037A4E7 /* ProductCollectionViewHeader.xib in Resources */,
				F44702CE29ED17A300BD8A3A /* LaunchScreen.storyboard in Resources */,
				F44702CB29ED17A300BD8A3A /* Assets.xcassets in Resources */,
				8F52B81829F91078006C431C /* ProductDetailCell.xib in Resources */,
				F44702C929ED17A200BD8A3A /* Main.storyboard in Resources */,
				F4EAB61E29F8EF6900FC2A3B /* ProductDetail.storyboard in Resources */,
			);
			runOnlyForDeploymentPostprocessing = 0;
		};
/* End PBXResourcesBuildPhase section */

/* Begin PBXShellScriptBuildPhase section */
		8F49F86D29F6186C00D054E8 /* ShellScript */ = {
			isa = PBXShellScriptBuildPhase;
			alwaysOutOfDate = 1;
			buildActionMask = 2147483647;
			files = (
			);
			inputFileListPaths = (
			);
			inputPaths = (
			);
			outputFileListPaths = (
			);
			outputPaths = (
			);
			runOnlyForDeploymentPostprocessing = 0;
			shellPath = /bin/sh;
			shellScript = "# Type a script or drag a script file from your workspace to insert its path.\n${PODS_ROOT}/SwiftLint/swiftlint\n";
		};
		98911B599A8AFE3406258C35 /* [CP] Embed Pods Frameworks */ = {
			isa = PBXShellScriptBuildPhase;
			buildActionMask = 2147483647;
			files = (
			);
			inputFileListPaths = (
				"${PODS_ROOT}/Target Support Files/Pods-Onban03/Pods-Onban03-frameworks-${CONFIGURATION}-input-files.xcfilelist",
			);
			name = "[CP] Embed Pods Frameworks";
			outputFileListPaths = (
				"${PODS_ROOT}/Target Support Files/Pods-Onban03/Pods-Onban03-frameworks-${CONFIGURATION}-output-files.xcfilelist",
			);
			runOnlyForDeploymentPostprocessing = 0;
			shellPath = /bin/sh;
			shellScript = "\"${PODS_ROOT}/Target Support Files/Pods-Onban03/Pods-Onban03-frameworks.sh\"\n";
			showEnvVarsInLog = 0;
		};
		B6F1EFB592C1504A22CE4A00 /* [CP] Check Pods Manifest.lock */ = {
			isa = PBXShellScriptBuildPhase;
			buildActionMask = 2147483647;
			files = (
			);
			inputFileListPaths = (
			);
			inputPaths = (
				"${PODS_PODFILE_DIR_PATH}/Podfile.lock",
				"${PODS_ROOT}/Manifest.lock",
			);
			name = "[CP] Check Pods Manifest.lock";
			outputFileListPaths = (
			);
			outputPaths = (
				"$(DERIVED_FILE_DIR)/Pods-Onban03-checkManifestLockResult.txt",
			);
			runOnlyForDeploymentPostprocessing = 0;
			shellPath = /bin/sh;
			shellScript = "diff \"${PODS_PODFILE_DIR_PATH}/Podfile.lock\" \"${PODS_ROOT}/Manifest.lock\" > /dev/null\nif [ $? != 0 ] ; then\n    # print error to STDERR\n    echo \"error: The sandbox is not in sync with the Podfile.lock. Run 'pod install' or update your CocoaPods installation.\" >&2\n    exit 1\nfi\n# This output is used by Xcode 'outputs' to avoid re-running this script phase.\necho \"SUCCESS\" > \"${SCRIPT_OUTPUT_FILE_0}\"\n";
			showEnvVarsInLog = 0;
		};
/* End PBXShellScriptBuildPhase section */

/* Begin PBXSourcesBuildPhase section */
		F44702BA29ED17A200BD8A3A /* Sources */ = {
			isa = PBXSourcesBuildPhase;
			buildActionMask = 2147483647;
			files = (
				F4BFACA529F8C69E00445506 /* CustomNavigationController.swift in Sources */,
				F4FF76DA29EFC4A00037A4E7 /* ProductCollectionHeader.swift in Sources */,
				8FE7888F29F947150009D2D1 /* LargeTagCollectionViewCell.swift in Sources */,
				F426445B29F221D2001951B5 /* CategoryProducts.swift in Sources */,
				F435AFA729F1051F00311918 /* Product.swift in Sources */,
				F44702DE29ED372E00BD8A3A /* ProductCollectionViewCell.swift in Sources */,
				F426446129F2256D001951B5 /* Int+WonFormat.swift in Sources */,
				F44702C229ED17A200BD8A3A /* AppDelegate.swift in Sources */,
				8F02BBCD29F90F8500AF37A4 /* ProductDetailTableViewCell.swift in Sources */,
				F426445F29F22483001951B5 /* Tag.swift in Sources */,
				8FE7888D29F946AC0009D2D1 /* SmallTagLabel.swift in Sources */,
				F4EAB62029F8F4D200FC2A3B /* ProductDetailViewController.swift in Sources */,
				F4FF76E029EFDE390037A4E7 /* ProductCategory.swift in Sources */,
				F44702E029ED375100BD8A3A /* HomeViewController.swift in Sources */,
				F44702C429ED17A200BD8A3A /* SceneDelegate.swift in Sources */,
				F426445D29F221EC001951B5 /* DataMock.swift in Sources */,
			);
			runOnlyForDeploymentPostprocessing = 0;
		};
/* End PBXSourcesBuildPhase section */

/* Begin PBXVariantGroup section */
		F44702C729ED17A200BD8A3A /* Main.storyboard */ = {
			isa = PBXVariantGroup;
			children = (
				F44702C829ED17A200BD8A3A /* Base */,
			);
			name = Main.storyboard;
			sourceTree = "<group>";
		};
		F44702CC29ED17A300BD8A3A /* LaunchScreen.storyboard */ = {
			isa = PBXVariantGroup;
			children = (
				F44702CD29ED17A300BD8A3A /* Base */,
			);
			name = LaunchScreen.storyboard;
			sourceTree = "<group>";
		};
/* End PBXVariantGroup section */

/* Begin XCBuildConfiguration section */
		F44702D029ED17A300BD8A3A /* Debug */ = {
			isa = XCBuildConfiguration;
			buildSettings = {
				ALWAYS_SEARCH_USER_PATHS = NO;
				CLANG_ANALYZER_NONNULL = YES;
				CLANG_ANALYZER_NUMBER_OBJECT_CONVERSION = YES_AGGRESSIVE;
				CLANG_CXX_LANGUAGE_STANDARD = "gnu++20";
				CLANG_ENABLE_MODULES = YES;
				CLANG_ENABLE_OBJC_ARC = YES;
				CLANG_ENABLE_OBJC_WEAK = YES;
				CLANG_WARN_BLOCK_CAPTURE_AUTORELEASING = YES;
				CLANG_WARN_BOOL_CONVERSION = YES;
				CLANG_WARN_COMMA = YES;
				CLANG_WARN_CONSTANT_CONVERSION = YES;
				CLANG_WARN_DEPRECATED_OBJC_IMPLEMENTATIONS = YES;
				CLANG_WARN_DIRECT_OBJC_ISA_USAGE = YES_ERROR;
				CLANG_WARN_DOCUMENTATION_COMMENTS = YES;
				CLANG_WARN_EMPTY_BODY = YES;
				CLANG_WARN_ENUM_CONVERSION = YES;
				CLANG_WARN_INFINITE_RECURSION = YES;
				CLANG_WARN_INT_CONVERSION = YES;
				CLANG_WARN_NON_LITERAL_NULL_CONVERSION = YES;
				CLANG_WARN_OBJC_IMPLICIT_RETAIN_SELF = YES;
				CLANG_WARN_OBJC_LITERAL_CONVERSION = YES;
				CLANG_WARN_OBJC_ROOT_CLASS = YES_ERROR;
				CLANG_WARN_QUOTED_INCLUDE_IN_FRAMEWORK_HEADER = YES;
				CLANG_WARN_RANGE_LOOP_ANALYSIS = YES;
				CLANG_WARN_STRICT_PROTOTYPES = YES;
				CLANG_WARN_SUSPICIOUS_MOVE = YES;
				CLANG_WARN_UNGUARDED_AVAILABILITY = YES_AGGRESSIVE;
				CLANG_WARN_UNREACHABLE_CODE = YES;
				CLANG_WARN__DUPLICATE_METHOD_MATCH = YES;
				COPY_PHASE_STRIP = NO;
				DEBUG_INFORMATION_FORMAT = dwarf;
				ENABLE_STRICT_OBJC_MSGSEND = YES;
				ENABLE_TESTABILITY = YES;
				GCC_C_LANGUAGE_STANDARD = gnu11;
				GCC_DYNAMIC_NO_PIC = NO;
				GCC_NO_COMMON_BLOCKS = YES;
				GCC_OPTIMIZATION_LEVEL = 0;
				GCC_PREPROCESSOR_DEFINITIONS = (
					"DEBUG=1",
					"$(inherited)",
				);
				GCC_WARN_64_TO_32_BIT_CONVERSION = YES;
				GCC_WARN_ABOUT_RETURN_TYPE = YES_ERROR;
				GCC_WARN_UNDECLARED_SELECTOR = YES;
				GCC_WARN_UNINITIALIZED_AUTOS = YES_AGGRESSIVE;
				GCC_WARN_UNUSED_FUNCTION = YES;
				GCC_WARN_UNUSED_VARIABLE = YES;
				GENERATE_INFOPLIST_FILE = YES;
				INFOPLIST_FILE = "Onban03/Suppoting\\ Files/Info.plist";
				IPHONEOS_DEPLOYMENT_TARGET = 16.4;
				MTL_ENABLE_DEBUG_INFO = INCLUDE_SOURCE;
				MTL_FAST_MATH = YES;
				ONLY_ACTIVE_ARCH = YES;
				SDKROOT = iphoneos;
				SWIFT_ACTIVE_COMPILATION_CONDITIONS = DEBUG;
				SWIFT_OPTIMIZATION_LEVEL = "-Onone";
			};
			name = Debug;
		};
		F44702D129ED17A300BD8A3A /* Release */ = {
			isa = XCBuildConfiguration;
			buildSettings = {
				ALWAYS_SEARCH_USER_PATHS = NO;
				CLANG_ANALYZER_NONNULL = YES;
				CLANG_ANALYZER_NUMBER_OBJECT_CONVERSION = YES_AGGRESSIVE;
				CLANG_CXX_LANGUAGE_STANDARD = "gnu++20";
				CLANG_ENABLE_MODULES = YES;
				CLANG_ENABLE_OBJC_ARC = YES;
				CLANG_ENABLE_OBJC_WEAK = YES;
				CLANG_WARN_BLOCK_CAPTURE_AUTORELEASING = YES;
				CLANG_WARN_BOOL_CONVERSION = YES;
				CLANG_WARN_COMMA = YES;
				CLANG_WARN_CONSTANT_CONVERSION = YES;
				CLANG_WARN_DEPRECATED_OBJC_IMPLEMENTATIONS = YES;
				CLANG_WARN_DIRECT_OBJC_ISA_USAGE = YES_ERROR;
				CLANG_WARN_DOCUMENTATION_COMMENTS = YES;
				CLANG_WARN_EMPTY_BODY = YES;
				CLANG_WARN_ENUM_CONVERSION = YES;
				CLANG_WARN_INFINITE_RECURSION = YES;
				CLANG_WARN_INT_CONVERSION = YES;
				CLANG_WARN_NON_LITERAL_NULL_CONVERSION = YES;
				CLANG_WARN_OBJC_IMPLICIT_RETAIN_SELF = YES;
				CLANG_WARN_OBJC_LITERAL_CONVERSION = YES;
				CLANG_WARN_OBJC_ROOT_CLASS = YES_ERROR;
				CLANG_WARN_QUOTED_INCLUDE_IN_FRAMEWORK_HEADER = YES;
				CLANG_WARN_RANGE_LOOP_ANALYSIS = YES;
				CLANG_WARN_STRICT_PROTOTYPES = YES;
				CLANG_WARN_SUSPICIOUS_MOVE = YES;
				CLANG_WARN_UNGUARDED_AVAILABILITY = YES_AGGRESSIVE;
				CLANG_WARN_UNREACHABLE_CODE = YES;
				CLANG_WARN__DUPLICATE_METHOD_MATCH = YES;
				COPY_PHASE_STRIP = NO;
				DEBUG_INFORMATION_FORMAT = "dwarf-with-dsym";
				ENABLE_NS_ASSERTIONS = NO;
				ENABLE_STRICT_OBJC_MSGSEND = YES;
				GCC_C_LANGUAGE_STANDARD = gnu11;
				GCC_NO_COMMON_BLOCKS = YES;
				GCC_WARN_64_TO_32_BIT_CONVERSION = YES;
				GCC_WARN_ABOUT_RETURN_TYPE = YES_ERROR;
				GCC_WARN_UNDECLARED_SELECTOR = YES;
				GCC_WARN_UNINITIALIZED_AUTOS = YES_AGGRESSIVE;
				GCC_WARN_UNUSED_FUNCTION = YES;
				GCC_WARN_UNUSED_VARIABLE = YES;
				GENERATE_INFOPLIST_FILE = YES;
				INFOPLIST_FILE = "Onban03/Suppoting\\ Files/Info.plist";
				IPHONEOS_DEPLOYMENT_TARGET = 16.4;
				MTL_ENABLE_DEBUG_INFO = NO;
				MTL_FAST_MATH = YES;
				SDKROOT = iphoneos;
				SWIFT_COMPILATION_MODE = wholemodule;
				SWIFT_OPTIMIZATION_LEVEL = "-O";
				VALIDATE_PRODUCT = YES;
			};
			name = Release;
		};
		F44702D329ED17A300BD8A3A /* Debug */ = {
			isa = XCBuildConfiguration;
			baseConfigurationReference = 51E69C80809F89AF4A20C989 /* Pods-Onban03.debug.xcconfig */;
			buildSettings = {
				ASSETCATALOG_COMPILER_APPICON_NAME = AppIcon;
				ASSETCATALOG_COMPILER_GLOBAL_ACCENT_COLOR_NAME = AccentColor;
				CODE_SIGN_STYLE = Automatic;
				CURRENT_PROJECT_VERSION = 1;
				DEVELOPMENT_TEAM = Y67S3384LP;
				GENERATE_INFOPLIST_FILE = YES;
				INFOPLIST_FILE = "Onban03/Suppoting Files/Info.plist";
				INFOPLIST_KEY_UIApplicationSupportsIndirectInputEvents = YES;
				INFOPLIST_KEY_UILaunchStoryboardName = LaunchScreen;
				INFOPLIST_KEY_UIMainStoryboardFile = Main;
				INFOPLIST_KEY_UISupportedInterfaceOrientations_iPad = "UIInterfaceOrientationPortrait UIInterfaceOrientationPortraitUpsideDown UIInterfaceOrientationLandscapeLeft UIInterfaceOrientationLandscapeRight";
				INFOPLIST_KEY_UISupportedInterfaceOrientations_iPhone = "UIInterfaceOrientationPortrait UIInterfaceOrientationLandscapeLeft UIInterfaceOrientationLandscapeRight";
				LD_RUNPATH_SEARCH_PATHS = (
					"$(inherited)",
					"@executable_path/Frameworks",
				);
				MARKETING_VERSION = 1.0;
				PRODUCT_BUNDLE_IDENTIFIER = "com.codesquad-ios.Onban03";
				PRODUCT_NAME = "$(TARGET_NAME)";
				SWIFT_EMIT_LOC_STRINGS = YES;
				SWIFT_VERSION = 5.0;
				TARGETED_DEVICE_FAMILY = "1,2";
			};
			name = Debug;
		};
		F44702D429ED17A300BD8A3A /* Release */ = {
			isa = XCBuildConfiguration;
			baseConfigurationReference = DC823119BB66A02ED926239F /* Pods-Onban03.release.xcconfig */;
			buildSettings = {
				ASSETCATALOG_COMPILER_APPICON_NAME = AppIcon;
				ASSETCATALOG_COMPILER_GLOBAL_ACCENT_COLOR_NAME = AccentColor;
				CODE_SIGN_STYLE = Automatic;
				CURRENT_PROJECT_VERSION = 1;
				DEVELOPMENT_TEAM = Y67S3384LP;
				GENERATE_INFOPLIST_FILE = YES;
				INFOPLIST_FILE = "Onban03/Suppoting Files/Info.plist";
				INFOPLIST_KEY_UIApplicationSupportsIndirectInputEvents = YES;
				INFOPLIST_KEY_UILaunchStoryboardName = LaunchScreen;
				INFOPLIST_KEY_UIMainStoryboardFile = Main;
				INFOPLIST_KEY_UISupportedInterfaceOrientations_iPad = "UIInterfaceOrientationPortrait UIInterfaceOrientationPortraitUpsideDown UIInterfaceOrientationLandscapeLeft UIInterfaceOrientationLandscapeRight";
				INFOPLIST_KEY_UISupportedInterfaceOrientations_iPhone = "UIInterfaceOrientationPortrait UIInterfaceOrientationLandscapeLeft UIInterfaceOrientationLandscapeRight";
				LD_RUNPATH_SEARCH_PATHS = (
					"$(inherited)",
					"@executable_path/Frameworks",
				);
				MARKETING_VERSION = 1.0;
				PRODUCT_BUNDLE_IDENTIFIER = "com.codesquad-ios.Onban03";
				PRODUCT_NAME = "$(TARGET_NAME)";
				SWIFT_EMIT_LOC_STRINGS = YES;
				SWIFT_VERSION = 5.0;
				TARGETED_DEVICE_FAMILY = "1,2";
			};
			name = Release;
		};
/* End XCBuildConfiguration section */

/* Begin XCConfigurationList section */
		F44702B929ED17A200BD8A3A /* Build configuration list for PBXProject "Onban03" */ = {
			isa = XCConfigurationList;
			buildConfigurations = (
				F44702D029ED17A300BD8A3A /* Debug */,
				F44702D129ED17A300BD8A3A /* Release */,
			);
			defaultConfigurationIsVisible = 0;
			defaultConfigurationName = Release;
		};
		F44702D229ED17A300BD8A3A /* Build configuration list for PBXNativeTarget "Onban03" */ = {
			isa = XCConfigurationList;
			buildConfigurations = (
				F44702D329ED17A300BD8A3A /* Debug */,
				F44702D429ED17A300BD8A3A /* Release */,
			);
			defaultConfigurationIsVisible = 0;
			defaultConfigurationName = Release;
		};
/* End XCConfigurationList section */
	};
	rootObject = F44702B629ED17A200BD8A3A /* Project object */;
}
